
Microsoft Visual Studio Solution File, Format Version 12.00
# Visual Studio Version 16
VisualStudioVersion = 16.0.31624.102
MinimumVisualStudioVersion = 10.0.40219.1
Project("{FAE04EC0-301F-11D3-BF4B-00C04F79EFBC}") = "Hash_Table", "Hash_Table\Hash_Table.csproj", "{F3251097-D6A9-4D40-A752-C90FCFD727AA}"
EndProject
Global
	GlobalSection(SolutionConfigurationPlatforms) = preSolution
		Debug|Any CPU = Debug|Any CPU
		Release|Any CPU = Release|Any CPU
	EndGlobalSection
	GlobalSection(ProjectConfigurationPlatforms) = postSolution
		{F3251097-D6A9-4D40-A752-C90FCFD727AA}.Debug|Any CPU.ActiveCfg = Debug|Any CPU
		{F3251097-D6A9-4D40-A752-C90FCFD727AA}.Debug|Any CPU.Build.0 = Debug|Any CPU
		{F3251097-D6A9-4D40-A752-C90FCFD727AA}.Release|Any CPU.ActiveCfg = Release|Any CPU
		{F3251097-D6A9-4D40-A752-C90FCFD727AA}.Release|Any CPU.Build.0 = Release|Any CPU
	EndGlobalSection
	GlobalSection(SolutionProperties) = preSolution
		HideSolutionNode = FALSE
	EndGlobalSection
	GlobalSection(ExtensibilityGlobals) = postSolution
		SolutionGuid = {49D579B6-7976-4E4A-8007-EFDA89272BF1}
	EndGlobalSection
EndGlobal
